
Microsoft Visual Studio Solution File, Format Version 12.00
# Visual Studio Version 17
VisualStudioVersion = 17.12.35506.116 d17.12
MinimumVisualStudioVersion = 10.0.40219.1
Project("{FAE04EC0-301F-11D3-BF4B-00C04F79EFBC}") = "Ciphers", "Ciphers\Ciphers.csproj", "{CFEBE061-B307-44F0-8BAF-9E833CC5F905}"
EndProject
Project("{2150E333-8FDC-42A3-9474-1A3956D46DE8}") = "Solution Items", "Solution Items", "{2BDE7379-0A9D-4F7F-8D07-16AB4FE78933}"
	ProjectSection(SolutionItems) = preProject
		.editorconfig = .editorconfig
	EndProjectSection
EndProject
Global
	GlobalSection(SolutionConfigurationPlatforms) = preSolution
		Debug|Any CPU = Debug|Any CPU
		Release|Any CPU = Release|Any CPU
	EndGlobalSection
	GlobalSection(ProjectConfigurationPlatforms) = postSolution
		{CFEBE061-B307-44F0-8BAF-9E833CC5F905}.Debug|Any CPU.ActiveCfg = Debug|Any CPU
		{CFEBE061-B307-44F0-8BAF-9E833CC5F905}.Debug|Any CPU.Build.0 = Debug|Any CPU
		{CFEBE061-B307-44F0-8BAF-9E833CC5F905}.Release|Any CPU.ActiveCfg = Release|Any CPU
		{CFEBE061-B307-44F0-8BAF-9E833CC5F905}.Release|Any CPU.Build.0 = Release|Any CPU
	EndGlobalSection
	GlobalSection(SolutionProperties) = preSolution
		HideSolutionNode = FALSE
	EndGlobalSection
EndGlobal
